{
  "name": "views",
  "lockfileVersion": 3,
  "requires": true,
  "packages": {
    "": {
      "dependencies": {
        "@lottiefiles/dotlottie-web": "^0.43.0"
      }
    },
    "node_modules/@lottiefiles/dotlottie-web": {
      "version": "0.43.0",
      "resolved": "https://registry.npmjs.org/@lottiefiles/dotlottie-web/-/dotlottie-web-0.43.0.tgz",
      "integrity": "sha512-mIfb2aZj1xFY/NTtZ4tQPiOVz8MfWDkdUOCVpzCv3q8C8WRKxZUwPgIG8BdqhkujPksS9eYDXH/4f9qxyfNCwg==",
      "license": "MIT"
    }
  }
}
